schema_version: 1
repository: slime-assets
files:
- path: assets/terrain/cliffs/dew-meadow-cliff-face-v1.png
  source_path: assets/tiles/terrain/blocked/boulder-type-a-v1.png
  sha256: ee0749bbe52c112a8dd8e68195481802603b3000c728e5388acf9e301c6d56d2
- path: assets/terrain/dew-v3.webp
  source_path: assets/tiles/terrain/non-road/grass-type-a-v1.png
  sha256: f9a1a5bf0c4784c590cab71e27aea18ae936797507520fe0aff4562e1877e0a9
- path: assets/terrain/extension-v1/ash-128.webp
  source_path: assets/tiles/terrain/non-road/grass-type-a-v1.png
  sha256: f9a1a5bf0c4784c590cab71e27aea18ae936797507520fe0aff4562e1877e0a9
- path: assets/terrain/extension-v1/boulder-128.webp
  source_path: assets/tiles/terrain/blocked/boulder-type-a-v1.png
  sha256: ee0749bbe52c112a8dd8e68195481802603b3000c728e5388acf9e301c6d56d2
- path: assets/terrain/extension-v1/gravel-128.webp
  source_path: assets/tiles/terrain/non-road/grass-type-a-v1.png
  sha256: f9a1a5bf0c4784c590cab71e27aea18ae936797507520fe0aff4562e1877e0a9
- path: assets/terrain/extension-v1/leaf-litter-128.webp
  source_path: assets/tiles/terrain/non-road/leaf-litter-v1.png
  sha256: 40f61b5d00e473628cbd9e672ef68e671c034ee4574b0798284174ff276ac631
- path: assets/terrain/extension-v1/moss-128.webp
  source_path: assets/tiles/terrain/non-road/grass-type-a-v1.png
  sha256: f9a1a5bf0c4784c590cab71e27aea18ae936797507520fe0aff4562e1877e0a9
- path: assets/terrain/extension-v1/mud-128.webp
  source_path: assets/tiles/terrain/non-road/grass-type-a-v1.png
  sha256: f9a1a5bf0c4784c590cab71e27aea18ae936797507520fe0aff4562e1877e0a9
- path: assets/terrain/extension-v1/reed-bed-128.webp
  source_path: assets/tiles/terrain/non-road/grass-type-a-v1.png
  sha256: f9a1a5bf0c4784c590cab71e27aea18ae936797507520fe0aff4562e1877e0a9
- path: assets/terrain/extension-v1/stone-128.webp
  source_path: assets/tiles/terrain/non-road/grass-type-a-v1.png
  sha256: f9a1a5bf0c4784c590cab71e27aea18ae936797507520fe0aff4562e1877e0a9
- path: assets/terrain/extension-v1/tree-base-128.webp
  source_path: assets/tiles/terrain/blocked/boulder-type-a-v1.png
  sha256: ee0749bbe52c112a8dd8e68195481802603b3000c728e5388acf9e301c6d56d2
- path: assets/backgrounds/meadow-backdrop-v2.webp
  source_path: assets/backgrounds/meadow-backdrop-v2.webp
  sha256: f1eec0b07c1a9a14f199f7610be5b54468ee837fd6b92364ca3c491174ea29be
- path: assets/terrain/road-v3.webp
  source_path: assets/tiles/terrain/road/stone-road-v1.png
  sha256: f7f0a47a2da78fa78cde4e5cd2847ee6ac9ab59cf4980b2c30d50be7a77c4fee
- path: assets/world/isloon/buildings/marble-large-window-wall-v1.png
  source_path: assets/tiles/buildings/stone/stone-large-window-wall-v1.png
  sha256: 3393356fd9c31975e5155da5e381c8ad1c02e7bc04f2832891d84d97de4068ad
- path: assets/world/isloon/buildings/marble-plain-wall-v1.png
  source_path: assets/tiles/buildings/stone/stone-wall-v1.png
  sha256: f4f5fb5c107bdfd3dba2c7d4242bb83a0b5adaa7452e7889922c476ba8aa4f44
- path: assets/world/isloon/buildings/marble-roof-v2.png
  source_path: assets/tiles/buildings/stone/stone-roof-v1.png
  sha256: b9df367699d24583b0e80f29bd048f63ae57ecb6da9a77b7b47330e603f02dff
- path: assets/world/isloon/buildings/marble-roof-v2.source.json
  source_path: assets/tiles/buildings/marble/marble-roof-v2.source.json
  sha256: a279902bf505c872a5b50500d459c270c8f6648a218a7ad64a47d42b38397bd8
- path: assets/world/isloon/buildings/marble-small-door-v1.png
  source_path: assets/tiles/buildings/stone/stone-door-v1.png
  sha256: 19d3d321953e8dab7d2e8658541c5618ea36286ee71372f7f43971011b0bc09b
- path: assets/world/isloon/buildings/marble-small-window-wall-v1.png
  source_path: assets/tiles/buildings/stone/stone-small-window-wall-v1.png
  sha256: d334d14f30c3bfe4e64280b4568f07146912b46dfd06d327e6eead52b9226700
- path: assets/world/isloon/terrain/limestone-floor-type-a-v1.png
  source_path: assets/tiles/terrain/road/stone-road-v1.png
  sha256: f7f0a47a2da78fa78cde4e5cd2847ee6ac9ab59cf4980b2c30d50be7a77c4fee
- path: assets/world/reedhaven/terrain/dirt-road-v1.png
  source_path: assets/tiles/terrain/road/stone-road-v1.png
  sha256: f7f0a47a2da78fa78cde4e5cd2847ee6ac9ab59cf4980b2c30d50be7a77c4fee
- path: assets/world/stonewarm/buildings/stone-door-v1.png
  source_path: assets/tiles/buildings/stone/stone-door-v1.png
  sha256: 19d3d321953e8dab7d2e8658541c5618ea36286ee71372f7f43971011b0bc09b
- path: assets/world/stonewarm/buildings/stone-large-window-wall-v1.png
  source_path: assets/tiles/buildings/stone/stone-large-window-wall-v1.png
  sha256: 3393356fd9c31975e5155da5e381c8ad1c02e7bc04f2832891d84d97de4068ad
- path: assets/world/stonewarm/buildings/stone-roof-v1.png
  source_path: assets/tiles/buildings/stone/stone-roof-v1.png
  sha256: b9df367699d24583b0e80f29bd048f63ae57ecb6da9a77b7b47330e603f02dff
- path: assets/world/stonewarm/buildings/stone-roof-v1.source.json
  source_path: assets/tiles/buildings/stone/stone-roof-v1.source.json
  sha256: 4c55e3a846ef143a861595655a625170be1a8474c100a0577a8ea0cfb7ea9dd3
- path: assets/world/stonewarm/buildings/stone-small-window-wall-v1.png
  source_path: assets/tiles/buildings/stone/stone-small-window-wall-v1.png
  sha256: d334d14f30c3bfe4e64280b4568f07146912b46dfd06d327e6eead52b9226700
- path: assets/world/stonewarm/buildings/stone-wall-crossbar-v1.png
  source_path: assets/tiles/buildings/stone/stone-wall-crossbar-v1.png
  sha256: b3da143fbed722dbb134cd1953255bf7cfa88444042a99e37e0b80e6c7dd8ce4
- path: assets/world/stonewarm/buildings/stone-wall-crossbar-v1.source.json
  source_path: assets/tiles/buildings/stone/stone-wall-crossbar-v1.source.json
  sha256: 9de6f11146ce4e2bc6ca06db21009bfe8e578148cc3025922995f661b608a122
- path: assets/world/stonewarm/buildings/stone-wall-v1.png
  source_path: assets/tiles/buildings/stone/stone-wall-v1.png
  sha256: f4f5fb5c107bdfd3dba2c7d4242bb83a0b5adaa7452e7889922c476ba8aa4f44
- path: assets/world/stonewarm/terrain/exposed-rock-ground-v1.png
  source_path: assets/tiles/terrain/non-road/exposed-rock-ground-v1.png
  sha256: 8ac13e1cadc74292ac9db958b480be15ec74de6a0da2d7774e6d782c5b7609ac
- path: assets/world/stonewarm/terrain/exposed-rock-ground-v1.source.json
  source_path: assets/tiles/terrain/non-road/exposed-rock-ground-v1.source.json
  sha256: 6a1d1d05a475ce038cbd161ea5ae5c0f98cf5307e40404faa3a4a6abd6621498
- path: assets/world/stonewarm/terrain/gravel-paving-v1.png
  source_path: assets/tiles/terrain/road/stone-road-v1.png
  sha256: f7f0a47a2da78fa78cde4e5cd2847ee6ac9ab59cf4980b2c30d50be7a77c4fee
- path: assets/world/stonewarm/terrain/marble-paving-v1.png
  source_path: assets/tiles/terrain/road/marble-road-v1.png
  sha256: 871f47e388832f4ab571060e6007ca7649fdfb364d6aaf656cc8a162aadbf274
- path: assets/world/stonewarm/buildings/red-stone-roof-v2.png
  source_path: assets/tiles/buildings/red-stone/red-stone-roof-v2.png
  sha256: 96d5adea2eea42ccea7c38853ce7a0cbf1371d6c47997f71ebc2c5fe8ae34f1d
- path: assets/world/common/buildings/wood-wall-v2.png
  source_path: assets/tiles/buildings/wood/wood-wall-v2.png
  sha256: 56c51c9a169a6dbc651c4826f4fb006bf2a769ed3cabcaef74bc29a0b2e8565f
- path: assets/world/common/buildings/wood-window-wall-v1.png
  source_path: assets/tiles/buildings/wood/wood-window-wall-v1.png
  sha256: b9d78cb1550fd570bfe86a8ee3c09ae5cc1820cd00d29d0c4108e28fab68c060
- path: assets/world/common/buildings/wood-door-wall-v1.png
  source_path: assets/tiles/buildings/wood/wood-door-wall-v1.png
  sha256: df65131b57d185567e5dc66eb0d2ea34b6d69e8008587934cb82b28139e58fb5
- path: assets/world/common/buildings/wood-crossbar-wall-v1.png
  source_path: assets/tiles/buildings/wood/wood-crossbar-wall-v1.png
  sha256: 433d77a7c419182eae11282546b793c757af995c1ab5702d294bc7a5f16a0e4b
- path: assets/world/common/buildings/wood-roof-v4.png
  source_path: assets/tiles/buildings/wood/wood-roof-v4.png
  sha256: 2b9351fff8a262cd9479ccffd5c98a393286c8642ad5d21a6ee60120cad919a2
- path: assets/terrain/roads/packed-dirt-road-v1.png
  source_path: assets/tiles/terrain/road/stone-road-v1.png
  sha256: f7f0a47a2da78fa78cde4e5cd2847ee6ac9ab59cf4980b2c30d50be7a77c4fee
- path: assets/terrain/roads/stone-slab-road-v1.png
  source_path: assets/tiles/terrain/road/stone-road-v1.png
  sha256: f7f0a47a2da78fa78cde4e5cd2847ee6ac9ab59cf4980b2c30d50be7a77c4fee
- path: assets/terrain/grass-v5.png
  source_path: assets/tiles/terrain/non-road/grass-type-a-v1.png
  sha256: f9a1a5bf0c4784c590cab71e27aea18ae936797507520fe0aff4562e1877e0a9
- path: assets/terrain/cactus-v1.png
  source_path: assets/tiles/terrain/blocked/sand-cactus-type-a-v1.png
  sha256: f82e5a9da5a48472e8a6d5084403cf4d9a19fd5760fd6cd352cf2d817b9c1b4a
- path: assets/terrain/shallow-water-v1.png
  source_path: assets/tiles/terrain/blocked/transparent-shallow-water-v1.png
  sha256: f9ba967e446bd64dcdea6c6b50dcc5cf0ce1b56a686f9dcdf38e92abd32fe74e
- path: assets/terrain/deep-water-v1.png
  source_path: assets/tiles/terrain/blocked/transparent-deep-water-v1.png
  sha256: bf6258940791e5fc10040497ecd108614305719fce3f72edd5fa72ac774420b8
- path: assets/terrain/wildflowers-v1.png
  source_path: assets/tiles/terrain/non-road/grass-type-a-v1.png
  sha256: f9a1a5bf0c4784c590cab71e27aea18ae936797507520fe0aff4562e1877e0a9
- path: assets/terrain/dry-soil-branches-v1.png
  source_path: assets/tiles/terrain/non-road/grass-type-a-v1.png
  sha256: f9a1a5bf0c4784c590cab71e27aea18ae936797507520fe0aff4562e1877e0a9
- path: assets/terrain/grass-type-b-v1.png
  source_path: assets/tiles/terrain/non-road/grass-type-b-v1.png
  sha256: cdb5ade64e1ab031ab30b8718422afb6218d8caa26ccba85108f33a80b70bb01
- path: assets/terrain/boulder-type-b-v1.png
  source_path: assets/tiles/terrain/blocked/boulder-type-b-v1.png
  sha256: 55126075abbd6c149df61755f9eeef285e838f55c5299b78ccf79df8c8a756dd
- path: assets/terrain/boulder-type-c-v1.png
  source_path: assets/tiles/terrain/blocked/boulder-type-c-v1.png
  sha256: d4fbc06ee951f76a7e255c30aed479309dc3fd90f4886cef10d68d5217401fd3
