schema_version: 1
repository: slime-assets
files:
- path: assets/terrain/cliffs/dew-meadow-cliff-face-v1.png
  source_path: assets/tiles/terrain/blocked/cliff-rock-face-v1.png
  sha256: eb1328182be97db1d4a2fff140903574ca332e4c07675be8de799504eeeefd93
- path: assets/terrain/dew-v3.webp
  source_path: assets/tiles/terrain/non-road/white-wildflower-grass-v1.png
  sha256: f641a342042ddc5d47050c6b9e965bc2e889a2a300080d809dd5b4a3137c0b31
- path: assets/terrain/extension-v1/ash-128.webp
  source_path: assets/tiles/terrain/non-road/white-wildflower-grass-v1.png
  sha256: f641a342042ddc5d47050c6b9e965bc2e889a2a300080d809dd5b4a3137c0b31
- path: assets/terrain/extension-v1/boulder-128.webp
  source_path: assets/tiles/terrain/blocked/boulder-type-a-v1.png
  sha256: 3a2b5c1c6f134b8b1a076abd35f74f635855c1e31ae15f4833f93be6dc02eb4c
- path: assets/terrain/extension-v1/gravel-128.webp
  source_path: assets/tiles/terrain/non-road/white-wildflower-grass-v1.png
  sha256: f641a342042ddc5d47050c6b9e965bc2e889a2a300080d809dd5b4a3137c0b31
- path: assets/terrain/extension-v1/leaf-litter-128.webp
  source_path: assets/tiles/terrain/non-road/leaf-litter-v1.png
  sha256: c8ba5ea5324838da06066f253174ba857d891189e10c0536aa4baf826730aae8
- path: assets/terrain/extension-v1/moss-128.webp
  source_path: assets/tiles/terrain/non-road/white-wildflower-grass-v1.png
  sha256: f641a342042ddc5d47050c6b9e965bc2e889a2a300080d809dd5b4a3137c0b31
- path: assets/terrain/extension-v1/mud-128.webp
  source_path: assets/tiles/terrain/non-road/white-wildflower-grass-v1.png
  sha256: f641a342042ddc5d47050c6b9e965bc2e889a2a300080d809dd5b4a3137c0b31
- path: assets/terrain/extension-v1/reed-bed-128.webp
  source_path: assets/tiles/terrain/non-road/white-wildflower-grass-v1.png
  sha256: f641a342042ddc5d47050c6b9e965bc2e889a2a300080d809dd5b4a3137c0b31
- path: assets/terrain/extension-v1/stone-128.webp
  source_path: assets/tiles/terrain/non-road/white-wildflower-grass-v1.png
  sha256: f641a342042ddc5d47050c6b9e965bc2e889a2a300080d809dd5b4a3137c0b31
- path: assets/terrain/extension-v1/tree-base-128.webp
  source_path: assets/tiles/terrain/blocked/boulder-type-a-v1.png
  sha256: 3a2b5c1c6f134b8b1a076abd35f74f635855c1e31ae15f4833f93be6dc02eb4c
- path: assets/backgrounds/meadow-backdrop-v2.webp
  source_path: assets/backgrounds/meadow-backdrop-v2.webp
  sha256: f1eec0b07c1a9a14f199f7610be5b54468ee837fd6b92364ca3c491174ea29be
- path: assets/terrain/road-v3.webp
  source_path: assets/tiles/terrain/road/stone-road-v1.png
  sha256: c3494eeefd4ee3b01d055f1c11c1b131dc6b878ab95829c066274b8ec8df0288
- path: assets/world/isloon/buildings/marble-large-window-wall-v1.png
  source_path: assets/tiles/buildings/stone/stone-large-window-wall-v1.png
  sha256: 3393356fd9c31975e5155da5e381c8ad1c02e7bc04f2832891d84d97de4068ad
- path: assets/world/isloon/buildings/marble-plain-wall-v1.png
  source_path: assets/tiles/buildings/stone/stone-wall-v1.png
  sha256: f4f5fb5c107bdfd3dba2c7d4242bb83a0b5adaa7452e7889922c476ba8aa4f44
- path: assets/world/isloon/buildings/marble-roof-v2.png
  source_path: assets/tiles/buildings/stone/stone-roof-v1.png
  sha256: b9df367699d24583b0e80f29bd048f63ae57ecb6da9a77b7b47330e603f02dff
- path: assets/world/isloon/buildings/marble-roof-v2.source.json
  source_path: assets/tiles/buildings/marble/marble-roof-v2.source.json
  sha256: a279902bf505c872a5b50500d459c270c8f6648a218a7ad64a47d42b38397bd8
- path: assets/world/isloon/buildings/marble-small-door-v1.png
  source_path: assets/tiles/buildings/stone/stone-door-v1.png
  sha256: 19d3d321953e8dab7d2e8658541c5618ea36286ee71372f7f43971011b0bc09b
- path: assets/world/isloon/buildings/marble-small-window-wall-v1.png
  source_path: assets/tiles/buildings/stone/stone-small-window-wall-v1.png
  sha256: d334d14f30c3bfe4e64280b4568f07146912b46dfd06d327e6eead52b9226700
- path: assets/world/isloon/terrain/limestone-road-v3.png
  source_path: assets/tiles/terrain/road/limestone-road-v3.png
  sha256: 01b4a77f291c059096420a7a5af8deb30008c7f74a4d5a4efb9854ed96c6ef05
- path: assets/world/reedhaven/terrain/dirt-road-v1.png
  source_path: assets/tiles/terrain/road/stone-road-v1.png
  sha256: c3494eeefd4ee3b01d055f1c11c1b131dc6b878ab95829c066274b8ec8df0288
- path: assets/world/stonewarm/buildings/stone-door-v1.png
  source_path: assets/tiles/buildings/stone/stone-door-v1.png
  sha256: 19d3d321953e8dab7d2e8658541c5618ea36286ee71372f7f43971011b0bc09b
- path: assets/world/stonewarm/buildings/stone-large-window-wall-v1.png
  source_path: assets/tiles/buildings/stone/stone-large-window-wall-v1.png
  sha256: 3393356fd9c31975e5155da5e381c8ad1c02e7bc04f2832891d84d97de4068ad
- path: assets/world/stonewarm/buildings/stone-roof-v1.png
  source_path: assets/tiles/buildings/stone/stone-roof-v1.png
  sha256: b9df367699d24583b0e80f29bd048f63ae57ecb6da9a77b7b47330e603f02dff
- path: assets/world/stonewarm/buildings/stone-roof-v1.source.json
  source_path: assets/tiles/buildings/stone/stone-roof-v1.source.json
  sha256: 4c55e3a846ef143a861595655a625170be1a8474c100a0577a8ea0cfb7ea9dd3
- path: assets/world/stonewarm/buildings/stone-small-window-wall-v1.png
  source_path: assets/tiles/buildings/stone/stone-small-window-wall-v1.png
  sha256: d334d14f30c3bfe4e64280b4568f07146912b46dfd06d327e6eead52b9226700
- path: assets/world/stonewarm/buildings/stone-wall-crossbar-v1.png
  source_path: assets/tiles/buildings/stone/stone-wall-crossbar-v1.png
  sha256: b3da143fbed722dbb134cd1953255bf7cfa88444042a99e37e0b80e6c7dd8ce4
- path: assets/world/stonewarm/buildings/stone-wall-crossbar-v1.source.json
  source_path: assets/tiles/buildings/stone/stone-wall-crossbar-v1.source.json
  sha256: 9de6f11146ce4e2bc6ca06db21009bfe8e578148cc3025922995f661b608a122
- path: assets/world/stonewarm/buildings/stone-wall-v1.png
  source_path: assets/tiles/buildings/stone/stone-wall-v1.png
  sha256: f4f5fb5c107bdfd3dba2c7d4242bb83a0b5adaa7452e7889922c476ba8aa4f44
- path: assets/world/stonewarm/terrain/exposed-rock-ground-v1.png
  source_path: assets/tiles/terrain/non-road/exposed-rock-ground-v1.png
  sha256: 9dfc1bb461144435f657216494229dc32350b82b5d8b52f8c9cd69418fe695a8
- path: assets/world/stonewarm/terrain/exposed-rock-ground-v1.source.json
  source_path: assets/tiles/terrain/non-road/exposed-rock-ground-v1.source.json
  sha256: 6a1d1d05a475ce038cbd161ea5ae5c0f98cf5307e40404faa3a4a6abd6621498
- path: assets/world/stonewarm/terrain/gravel-paving-v1.png
  source_path: assets/tiles/terrain/road/stone-road-v1.png
  sha256: c3494eeefd4ee3b01d055f1c11c1b131dc6b878ab95829c066274b8ec8df0288
- path: assets/world/stonewarm/terrain/marble-paving-v1.png
  source_path: assets/tiles/terrain/road/marble-road-v1.png
  sha256: 02ee8dfc999e2ed34f30a18a90e59fd04be785af56c352a04180c1b9bea1308c
- path: assets/world/stonewarm/buildings/red-stone-roof-v2.png
  source_path: assets/tiles/buildings/red-stone/red-stone-roof-v2.png
  sha256: 96d5adea2eea42ccea7c38853ce7a0cbf1371d6c47997f71ebc2c5fe8ae34f1d
- path: assets/world/common/buildings/wood-wall-v2.png
  source_path: assets/tiles/buildings/wood/wood-wall-v2.png
  sha256: 56c51c9a169a6dbc651c4826f4fb006bf2a769ed3cabcaef74bc29a0b2e8565f
- path: assets/world/common/buildings/wood-window-wall-v1.png
  source_path: assets/tiles/buildings/wood/wood-window-wall-v1.png
  sha256: b9d78cb1550fd570bfe86a8ee3c09ae5cc1820cd00d29d0c4108e28fab68c060
- path: assets/world/common/buildings/wood-door-wall-v1.png
  source_path: assets/tiles/buildings/wood/wood-door-wall-v1.png
  sha256: df65131b57d185567e5dc66eb0d2ea34b6d69e8008587934cb82b28139e58fb5
- path: assets/world/common/buildings/wood-crossbar-wall-v1.png
  source_path: assets/tiles/buildings/wood/wood-crossbar-wall-v1.png
  sha256: 433d77a7c419182eae11282546b793c757af995c1ab5702d294bc7a5f16a0e4b
- path: assets/world/common/buildings/wood-roof-v4.png
  source_path: assets/tiles/buildings/wood/wood-roof-v4.png
  sha256: 2b9351fff8a262cd9479ccffd5c98a393286c8642ad5d21a6ee60120cad919a2
- path: assets/terrain/roads/packed-dirt-road-v1.png
  source_path: assets/tiles/terrain/road/stone-road-v1.png
  sha256: c3494eeefd4ee3b01d055f1c11c1b131dc6b878ab95829c066274b8ec8df0288
- path: assets/terrain/roads/stone-slab-road-v1.png
  source_path: assets/tiles/terrain/road/stone-road-v1.png
  sha256: c3494eeefd4ee3b01d055f1c11c1b131dc6b878ab95829c066274b8ec8df0288
- path: assets/terrain/grass-v5.png
  source_path: assets/tiles/terrain/non-road/white-wildflower-grass-v1.png
  sha256: f641a342042ddc5d47050c6b9e965bc2e889a2a300080d809dd5b4a3137c0b31
- path: assets/terrain/cactus-v1.png
  source_path: assets/tiles/terrain/blocked/sand-cactus-type-a-v1.png
  sha256: c14562779139b4bed2bcdab30a319b32247b77e343c076acc27ccd5e3b34784c
- path: assets/terrain/shallow-water-v1.png
  source_path: assets/tiles/terrain/blocked/transparent-shallow-water-v1.png
  sha256: 45f693ce43e0e01d58f313573106dc64415a75d8cceb872dc8c839d33a1ea542
- path: assets/terrain/deep-water-v1.png
  source_path: assets/tiles/terrain/blocked/transparent-deep-water-v1.png
  sha256: dee17dccfe1ebbe1fc17a0bb6036e97f7f13349cb08d250ceaac641deed89fd6
- path: assets/terrain/wildflowers-v1.png
  source_path: assets/tiles/terrain/non-road/white-wildflower-grass-v1.png
  sha256: f641a342042ddc5d47050c6b9e965bc2e889a2a300080d809dd5b4a3137c0b31
- path: assets/terrain/dry-soil-branches-v1.png
  source_path: assets/tiles/terrain/non-road/white-wildflower-grass-v1.png
  sha256: f641a342042ddc5d47050c6b9e965bc2e889a2a300080d809dd5b4a3137c0b31
- path: assets/terrain/grass-type-b-v1.png
  source_path: assets/tiles/terrain/non-road/white-wildflower-grass-v1.png
  sha256: f641a342042ddc5d47050c6b9e965bc2e889a2a300080d809dd5b4a3137c0b31
- path: assets/terrain/boulder-type-b-v1.png
  source_path: assets/tiles/terrain/blocked/boulder-type-b-v1.png
  sha256: 7fa9b9717e53f434c138c980181875bf97538b1356cc8fdc511b47f59705b233
- path: assets/terrain/boulder-type-c-v1.png
  source_path: assets/tiles/terrain/blocked/boulder-type-c-v1.png
  sha256: e22e0e6071a45db93c1e157c761c7e86b44debf808becc613e9333485d6ceee0
- path: assets/terrain/meadow-dry-soil-road-v1.png
  source_path: assets/tiles/terrain/road/ochre-pebble-road-v1.png
  sha256: 8a5706ccdb7ca4ffe01cdfe14f2756a7ab3050dc58aba80b530a2bfc6a6e1406
- path: assets/terrain/dry-ground-tree-stump-v1.png
  source_path: assets/tiles/terrain/blocked/dry-ground-tree-stump-v1.png
  sha256: 06708710d0ae3f979d812cd95c5e5cc39f545f68d7e06d41c87e15463c5656a2
- path: assets/terrain/ramp-earth-stone-wall-v1.png
  source_path: assets/tiles/terrain/blocked/ramp-earth-stone-wall-v1.png
  sha256: 7a5a0cb33ee79f4b482b4f60a71e5ac2fa6488381310c7728e47db091808db14
