schema_version: 1
repository: slime-assets
files:
- path: assets/characters/default/idle-v6/idle-v6.animation.json
  source_path: assets/characters/default/animations/idle-v6/down-left-8frames-v2/idle-v6.animation.json
  sha256: 5138051e62ee053e2b048529e7bba0e1ed5abd0d3ae10b4153a13ddb358ebbbc
- path: assets/characters/default/idle-v6/idle-v6.png
  source_path: assets/characters/default/animations/idle-v6/down-left-8frames-v2/idle-v6.png
  sha256: 0a3ee00b38b61dc092df23b0a3847202ef650fd9b98a5305da0393245b21eadc
- path: assets/characters/default/idle-v6/source.json
  source_path: assets/characters/default/animations/idle-v6/down-left-8frames-v2/source.json
  sha256: f52a3e79ca499892f405615fa0637287078b8f6727d116df0b63a5c347671503
- path: assets/characters/default/rest-v2/rest-v2.animation.json
  source_path: assets/characters/default/animations/rest-v2/down-left-entry-exit-v1/rest-v2.animation.json
  sha256: 6dd934e7000a2f3de42ad103a3f04a2192cf44255e24bbd2e351c72512a1f667
- path: assets/characters/default/rest-v2/rest-v2.png
  source_path: assets/characters/default/animations/rest-v2/down-left-entry-exit-v1/rest-v2.png
  sha256: 54e95ce08282ef68ec70475e16c7eb18de4de19d4b6f0827950b309a1c4bf8a2
- path: assets/characters/default/rest-v2/source.json
  source_path: assets/characters/default/animations/rest-v2/down-left-entry-exit-v1/source.json
  sha256: 28905f7c0c5d942c9d76dc78abcffb07caf37f96bba13fc164c5f2c0f035cf55
- path: assets/characters/default/walk-v2/source.yaml
  source_path: assets/characters/default/animations/walk-v2/down-left-8frames-v1/source.yaml
  sha256: 401d66006be77908b4adf244a9135d20101b12a9863ebb111dc142480f037643
- path: assets/characters/default/walk-v2/walk-v2.animation.json
  source_path: assets/characters/default/animations/walk-v2/down-left-8frames-v1/walk-v2.animation.json
  sha256: 6bf59ccdbde41b625ee97c2c3e7011dc036803820c621eb0c2cb92d68737813a
- path: assets/characters/default/walk-v2/walk-v2.png
  source_path: assets/characters/default/animations/walk-v2/down-left-8frames-v1/walk-v2.png
  sha256: 2d0609bc09878bda647c3881c01bd64e7a8ca8510c6bb00c60989973cf1e4034
- path: assets/monsters/standing-v1/ash-fox-idle-v1.animation.json
  source_path: assets/sprites/monsters/standing-v1/down-left-v1/ash-fox-idle-v1.animation.json
  sha256: ce09bfa0894127dc9de0bf71d24c37c84ca466431dbf2b6d28dfc69c5bea3fb7
- path: assets/monsters/standing-v1/ash-fox-idle-v1.png
  source_path: assets/sprites/monsters/standing-v1/down-left-v1/ash-fox-idle-v1.png
  sha256: f3aa44dca902411b2e5f88b3e276ecd17395621d8757d53354c2e6359b5a4aeb
- path: assets/monsters/standing-v1/beast-idle-v2.animation.json
  source_path: assets/sprites/monsters/standing-v1/down-left-v1/beast-idle-v2.animation.json
  sha256: b14589edac73012357b4801911454b6157a867b08bf5455163b9e12a2a7eb9d8
- path: assets/monsters/standing-v1/beast-idle-v2.png
  source_path: assets/sprites/monsters/standing-v1/down-left-v1/beast-idle-v2.png
  sha256: 17c90152a0d5bf30a6d782c2fa895e72b6f833b82b1c4be0ebcb246547698bb1
- path: assets/monsters/standing-v1/catalog.yaml
  source_path: assets/sprites/monsters/standing-v1/catalog.yaml
  sha256: 3ccf9d7fd3052b3f02b8f798ae66dfcbf8c026956f1a8cda8dc480040a362e0f
- path: assets/monsters/standing-v1/crystal-lizard-idle-v1.animation.json
  source_path: assets/sprites/monsters/standing-v1/down-left-v1/crystal-lizard-idle-v1.animation.json
  sha256: 94be1597f66aca09e4865ec01282a0096440abe2d4837acc4f082742621517d8
- path: assets/monsters/standing-v1/crystal-lizard-idle-v1.png
  source_path: assets/sprites/monsters/standing-v1/down-left-v1/crystal-lizard-idle-v1.png
  sha256: ec273d6da2378ceb683dfe3b4ca99c405a83f8b56ca9185a258591aa32b8d647
- path: assets/monsters/standing-v1/field-rabbit-idle-v1.animation.json
  source_path: assets/sprites/monsters/standing-v1/down-left-v1/field-rabbit-idle-v1.animation.json
  sha256: 598d77570258ec33b3c5e2089fb354f859ced957dd7f27df68f9f83e2753b7fa
- path: assets/monsters/standing-v1/field-rabbit-idle-v1.png
  source_path: assets/sprites/monsters/standing-v1/down-left-v1/field-rabbit-idle-v1.png
  sha256: 4ff8d76dfa9d4674a6fbdbfa0cb618e8377ab693af377a553c585531977cf3a1
- path: assets/monsters/standing-v1/giant-idle-v1.animation.json
  source_path: assets/sprites/monsters/standing-v1/down-left-v1/giant-idle-v1.animation.json
  sha256: b1396624d6789f3f981a72fb8d54470ff0dee3f4fc63259c98e0bd412e4dfc54
- path: assets/monsters/standing-v1/giant-idle-v1.png
  source_path: assets/sprites/monsters/standing-v1/down-left-v1/giant-idle-v1.png
  sha256: 7c75b87711087da5bc94e04489d8458e12b2496def2aaad273ae89ebd5aaab97
- path: assets/monsters/standing-v1/lantern-moth-idle-v1.animation.json
  source_path: assets/sprites/monsters/standing-v1/down-left-v1/lantern-moth-idle-v1.animation.json
  sha256: a201600944e2d310c670ac06e01e9eda15e39d01d82558fdeef272ff460b342e
- path: assets/monsters/standing-v1/lantern-moth-idle-v1.png
  source_path: assets/sprites/monsters/standing-v1/down-left-v1/lantern-moth-idle-v1.png
  sha256: c9fd29b647c259e303c4228249cfb8d0b3ecc2a8b31db5829d20e33c7852b6f9
- path: assets/monsters/standing-v1/reed-crawler-idle-v1.animation.json
  source_path: assets/sprites/monsters/standing-v1/down-left-v1/reed-crawler-idle-v1.animation.json
  sha256: dcafc46ed3e78cc538bc4303ff371dad8cc34d3557b90cf5e10f8983c6695a9c
- path: assets/monsters/standing-v1/reed-crawler-idle-v1.png
  source_path: assets/sprites/monsters/standing-v1/down-left-v1/reed-crawler-idle-v1.png
  sha256: 395456bead04df71aa32eae18305298b80e2018a6df4648a60f8996ae9b8fb7e
- path: assets/monsters/standing-v1/ridge-boar-idle-v1.animation.json
  source_path: assets/sprites/monsters/standing-v1/down-left-v1/ridge-boar-idle-v1.animation.json
  sha256: cba2734059d7dfa5b1b196e9ee3ea42f85d225226bdf1ef4fda380cab864a3b4
- path: assets/monsters/standing-v1/ridge-boar-idle-v1.png
  source_path: assets/sprites/monsters/standing-v1/down-left-v1/ridge-boar-idle-v1.png
  sha256: 8b3fe6f30b81e984e923af0f1d32422306e2eef19de20d24e24cf5e33f8fa618
- path: assets/monsters/standing-v1/slime-idle-v1.animation.json
  source_path: assets/sprites/monsters/standing-v1/down-left-v1/slime-idle-v2.animation.json
  sha256: 93918eb04e4e4703d3c94ff93c11056694d22d97977bcaa8f09bbe41c7f701fa
- path: assets/monsters/standing-v1/slime-idle-v1.png
  source_path: assets/sprites/monsters/standing-v1/down-left-v1/slime-idle-v2.png
  sha256: e1f502d736925c3230bcc17c692753a1ed569f50ce17264df3d71d1906451aa9
- path: assets/monsters/standing-v1/stone-crab-idle-v1.animation.json
  source_path: assets/sprites/monsters/standing-v1/down-left-v1/stone-crab-idle-v1.animation.json
  sha256: f103a22bfcc234a91519f78085ea30826a97a9914475143e7a5006df37ce6dc4
- path: assets/monsters/standing-v1/stone-crab-idle-v1.png
  source_path: assets/sprites/monsters/standing-v1/down-left-v1/stone-crab-idle-v1.png
  sha256: e09280a5bea57b83888c146ab550683bab52261af6d4bee35a33cd66f09941a0
- path: assets/structures/ward-tower-v1.png
  source_path: assets/sprites/structures/ward-tower-v1.png
  sha256: 9a9dbe7e9184c0d8fd53f07e0f5cfd04bef87b0893f623b458effa0f557a6d03
- path: assets/characters/default/cutins/default-punch-v1.png
  source_path: assets/characters/default/battle-cutins/default-punch-v1.png
  sha256: 1439db1d819c579cd065c79d9b3da41d9439f280f5a4be27c437fbffc51a45b9
- path: assets/monsters/standing-v1/moss-turtle-idle-v1.png
  source_path: assets/sprites/monsters/standing-v1/down-left-v1/moss-turtle-idle-v1.png
  sha256: 8cfd43954bb54499d56fb8b41383d57d4c3b4301bf45654e73d41b813f757011
- path: assets/monsters/standing-v1/moss-turtle-idle-v1.animation.json
  source_path: assets/sprites/monsters/standing-v1/down-left-v1/moss-turtle-idle-v1.animation.json
  sha256: b536e61bea315ecec319c528380872afd7d97802054f9d8e2243c213afea2193
- path: assets/monsters/standing-v1/mist-frog-idle-v1.png
  source_path: assets/sprites/monsters/standing-v1/down-left-v1/mist-frog-idle-v1.png
  sha256: e7d10a139c6f14a391ddb2245dae41e7386f399a10a87073fed40afdfba5cec2
- path: assets/monsters/standing-v1/mist-frog-idle-v1.animation.json
  source_path: assets/sprites/monsters/standing-v1/down-left-v1/mist-frog-idle-v1.animation.json
  sha256: 1acec492f59da19caea0e70e2d9b9eb2e1d6aaa66e20aab3b1a7367ca17e2068
- path: assets/monsters/standing-v1/sand-scorpion-idle-v1.png
  source_path: assets/sprites/monsters/standing-v1/down-left-v1/sand-scorpion-idle-v1.png
  sha256: 6c763b5f4ad0ee455ddd8f752aa0439ba23441a375b10623f574192eab2246ec
- path: assets/monsters/standing-v1/sand-scorpion-idle-v1.animation.json
  source_path: assets/sprites/monsters/standing-v1/down-left-v1/sand-scorpion-idle-v1.animation.json
  sha256: e8e8b20ee05672c47f7ef985a2d65c0090b2eccfcadb9d778f0c14894d3d946d
- path: assets/monsters/standing-v1/ember-hedgehog-idle-v1.png
  source_path: assets/sprites/monsters/standing-v1/down-left-v1/ember-hedgehog-idle-v1.png
  sha256: 732f29efdaf7d290f840532e4cbf06294888d1d5ba20ad0b4fa5a3970406b303
- path: assets/monsters/standing-v1/ember-hedgehog-idle-v1.animation.json
  source_path: assets/sprites/monsters/standing-v1/down-left-v1/ember-hedgehog-idle-v1.animation.json
  sha256: 2f7977a1175ae919cc6e69fd08209342572c3e79dfe472ab49bf00372ef99f8c
- path: assets/monsters/standing-v1/crystal-bat-idle-v1.png
  source_path: assets/sprites/monsters/standing-v1/down-left-v1/crystal-bat-idle-v1.png
  sha256: 5d85bd185bbb2c4f689253eb4cc5f84099e0d23a7a9aad965848131699d3b3d8
- path: assets/monsters/standing-v1/crystal-bat-idle-v1.animation.json
  source_path: assets/sprites/monsters/standing-v1/down-left-v1/crystal-bat-idle-v1.animation.json
  sha256: b73abe01b870650f8a51749a0bbb49c20abf5a1ab0bf6db79e6085b5be3b4b07
