schema_version: 1
repository: slime-assets
files:
- path: src/assets/characters/default/idle-v6/idle-v6.animation.json
  source_path: assets/sprites/characters/default/idle-v6/idle-v6.animation.json
  sha256: ebe291fcd6ad093806254370ed2a3e84037e193f534b72c400702d16d13064c7
- path: src/assets/characters/default/idle-v6/idle-v6.png
  source_path: assets/sprites/characters/default/idle-v6/idle-v6.png
  sha256: 5919714f071d9c5db55b6f200eb8350fe5611dc8ad3d8484a33912c4bdbfb61a
- path: src/assets/characters/default/idle-v6/source.json
  source_path: assets/sprites/characters/default/idle-v6/source.json
  sha256: 5add069cafdb956472bd4b634a5a84227e97515f2d4cbe926c5f81b127a37234
- path: src/assets/characters/default/rest-v2/rest-v2.animation.json
  source_path: assets/sprites/characters/default/rest-v2/rest-v2.animation.json
  sha256: 36bc35d84dbd1ea568c08bd34a1898bb7fcc4a03d337b1e1165372b5f884ea83
- path: src/assets/characters/default/rest-v2/rest-v2.png
  source_path: assets/sprites/characters/default/rest-v2/rest-v2.png
  sha256: 941244a65dec0200a470557cf6040fb1e6e3f67c1695b4b45ddc442372fa2687
- path: src/assets/characters/default/rest-v2/source.json
  source_path: assets/sprites/characters/default/rest-v2/source.json
  sha256: 610d60ea4dc4b6ed5ecb908cc5f7242276499c6346303968ed1930870ece0e93
- path: src/assets/characters/default/walk-v2/source.yaml
  source_path: assets/sprites/characters/default/walk-v2/source.yaml
  sha256: 6d7854189ccb9528482e742b9935583a300e086fb58a87c71d1cd85e81f35796
- path: src/assets/characters/default/walk-v2/walk-v2.animation.json
  source_path: assets/sprites/characters/default/walk-v2/walk-v2.animation.json
  sha256: d5386ab3fa69280def3d618697f0f3d53622661206b362ce12fc7f02af119285
- path: src/assets/characters/default/walk-v2/walk-v2.png
  source_path: assets/sprites/characters/default/walk-v2/walk-v2.png
  sha256: a8ae7e7c50b130c53c19dc7660e28d566092115aa4708d1376d623936debbea0
- path: src/assets/monsters/beast-v1.png
  source_path: assets/sprites/monsters/beast-v1.png
  sha256: 46078340c8fea1dd9484ddd3076c711dab2069de65fffc0f6c5f68172b87685a
- path: src/assets/monsters/beast-v2.png
  source_path: assets/sprites/monsters/beast-v2.png
  sha256: 6618dbce79207151788890b734d8f24b1e7049104a36ae24d81e6f0e05f3fc77
- path: src/assets/monsters/giant-v1.png
  source_path: assets/sprites/monsters/giant-v1.png
  sha256: 465eb1d7118a845fbac5878b5b76f4f25a6f17378d374aafcf3bea4367ffbf76
- path: src/assets/monsters/giant-v2.png
  source_path: assets/sprites/monsters/giant-v2.png
  sha256: 66c47c7b7277fab18deeeb8ca936dcb2bade922ecb01f7e14ad321f0baabcd2d
- path: src/assets/monsters/slime-v1.png
  source_path: assets/sprites/monsters/slime-v1.png
  sha256: 72f43e70f383dc69910a1b7699a2d668e90b1e9bdb5207e006a800aa967b5b8e
- path: src/assets/monsters/slime-v2.png
  source_path: assets/sprites/monsters/slime-v2.png
  sha256: af9b83f3928a61b701f1e8059a6aaaa1c93d5529ce51d96b7438c32ec1486e69
- path: src/assets/monsters/standing-v1/ash-fox-idle-v1.animation.json
  source_path: assets/sprites/monsters/standing-v1/ash-fox-idle-v1.animation.json
  sha256: 0b6a1465e3600b22a41545d47289ba608c57cbd632a6249cc6c517649db3479f
- path: src/assets/monsters/standing-v1/ash-fox-idle-v1.png
  source_path: assets/sprites/monsters/standing-v1/ash-fox-idle-v1.png
  sha256: 2e375a483009cc7a4bc8ed4025aa97bb5428ab6cb9f882db19b662176e5c2289
- path: src/assets/monsters/standing-v1/beast-idle-v2.animation.json
  source_path: assets/sprites/monsters/standing-v1/beast-idle-v2.animation.json
  sha256: add55eb67de31f57d6e114650df4565200e27d33532c7a15a8251e0cae13d2c3
- path: src/assets/monsters/standing-v1/beast-idle-v2.png
  source_path: assets/sprites/monsters/standing-v1/beast-idle-v2.png
  sha256: 6997eff87fe99d43234bd0a88d947aa84b94a6f1dd9d8fc2ec67fc72332eb3e5
- path: src/assets/monsters/standing-v1/catalog.yaml
  source_path: assets/sprites/monsters/standing-v1/catalog.yaml
  sha256: eacd647745ac7f859588d676fece35491a40e1c3b0fe6c9036f674571d7c6d77
- path: src/assets/monsters/standing-v1/crystal-lizard-idle-v1.animation.json
  source_path: assets/sprites/monsters/standing-v1/crystal-lizard-idle-v1.animation.json
  sha256: 2a650c7498277d73140b49dc969d7e37da646d14109c960a08997f78e32e88b4
- path: src/assets/monsters/standing-v1/crystal-lizard-idle-v1.png
  source_path: assets/sprites/monsters/standing-v1/crystal-lizard-idle-v1.png
  sha256: 63b0339f27111461f757bae5c6aba20457d09ddc94a5569a3d3a27d37d5765a1
- path: src/assets/monsters/standing-v1/field-rabbit-idle-v1.animation.json
  source_path: assets/sprites/monsters/standing-v1/field-rabbit-idle-v1.animation.json
  sha256: 532cb529697e045ea9d0e6bbcf22aa3246254061fdd53fcf7c9f1332bdee5c55
- path: src/assets/monsters/standing-v1/field-rabbit-idle-v1.png
  source_path: assets/sprites/monsters/standing-v1/field-rabbit-idle-v1.png
  sha256: 62f60de8d04a105e42d1901f99d624c3ea5068deeb92b259053759e78fbe9612
- path: src/assets/monsters/standing-v1/giant-idle-v1.animation.json
  source_path: assets/sprites/monsters/standing-v1/giant-idle-v1.animation.json
  sha256: c145b9a65b94f97556d5f33af613240ae7c2f8b0a17312c6bbedafdd33fc05bc
- path: src/assets/monsters/standing-v1/giant-idle-v1.png
  source_path: assets/sprites/monsters/standing-v1/giant-idle-v1.png
  sha256: e330cca1a964dc67e0262547cf1bc8451ee47a3f53a6fd1e5b33aa17e0bc4100
- path: src/assets/monsters/standing-v1/lantern-moth-idle-v1.animation.json
  source_path: assets/sprites/monsters/standing-v1/lantern-moth-idle-v1.animation.json
  sha256: fb2d737ee9ff45d3b508209e1f7753a59e2b942bc7aed2acac6fb64a86445bab
- path: src/assets/monsters/standing-v1/lantern-moth-idle-v1.png
  source_path: assets/sprites/monsters/standing-v1/lantern-moth-idle-v1.png
  sha256: dfbbaddc4d9b9f05fc6987fc6da3600d3682893eb037d3d35983816af76c1bd4
- path: src/assets/monsters/standing-v1/reed-crawler-idle-v1.animation.json
  source_path: assets/sprites/monsters/standing-v1/reed-crawler-idle-v1.animation.json
  sha256: 474cef25ee87cc0ceb82b6a03606f5af06b2bbe7e585d3f21dc1f7334185d1ac
- path: src/assets/monsters/standing-v1/reed-crawler-idle-v1.png
  source_path: assets/sprites/monsters/standing-v1/reed-crawler-idle-v1.png
  sha256: 2a147da1cc99bee8c3c16e041c27d1a272e1c183fe21369ca0ee3c1e08307dc9
- path: src/assets/monsters/standing-v1/ridge-boar-idle-v1.animation.json
  source_path: assets/sprites/monsters/standing-v1/ridge-boar-idle-v1.animation.json
  sha256: 20b2278048563acc7064c339fec0db33bc35090b67af9ccbd5ff13ebbf00e80c
- path: src/assets/monsters/standing-v1/ridge-boar-idle-v1.png
  source_path: assets/sprites/monsters/standing-v1/ridge-boar-idle-v1.png
  sha256: 93048924dda465939995fae42bc4edb939fcf3cc4474293f323bb1bbf3c8ed9b
- path: src/assets/monsters/standing-v1/slime-idle-v1.animation.json
  source_path: assets/sprites/monsters/standing-v1/slime-idle-v1.animation.json
  sha256: 7e90dec75f45e4009d17a68d773fef4050321b79e3b795875481a8bfe262ed2d
- path: src/assets/monsters/standing-v1/slime-idle-v1.png
  source_path: assets/sprites/monsters/standing-v1/slime-idle-v1.png
  sha256: 49f3406198138dde492cadfc46fae245e84652ae25642ff1c1b3a21cfbddfdea
- path: src/assets/monsters/standing-v1/stone-crab-idle-v1.animation.json
  source_path: assets/sprites/monsters/standing-v1/stone-crab-idle-v1.animation.json
  sha256: b047d5ac5748eacda71a1e4a8e1b53e9cd0dfce90822bc271cc944d161d560c0
- path: src/assets/monsters/standing-v1/stone-crab-idle-v1.png
  source_path: assets/sprites/monsters/standing-v1/stone-crab-idle-v1.png
  sha256: 8b0021c020afa360d58488e705d29638f18b5e3d99f4bd8a1997ad84b59e29a4
