schema_version: 1
repository: slime-assets
files:
- path: assets/ui/animation-labels.yaml
  source_path: assets/ui/animation-labels.yaml
  sha256: 7cd7818caf4d2dec79a133e8e9eef806e8f1e1df5393c3eb8c175b8676c2b341
- path: assets/ui/cutins.yaml
  source_path: assets/ui/cutins.yaml
  sha256: 3861a99a517b021fab5d1ed7db30345ec11390dda86d71ea11c8ef11e6f6ee7a
- path: assets/ui/login/slime-welcome-v4.png
  source_path: assets/ui/login/slime-welcome-v4.png
  sha256: d0e0ee50f661b50812cc4560a26f60ff40eef65265756c7340d96495c5437490
