schema_version: 1
repository: slime-assets
files:
- path: assets/ui/animation-labels.yaml
  source_path: assets/ui/animation-labels.yaml
  sha256: 8226ac3803846193179790014b4837679a81fbfa32589548f8e5559c173899f3
- path: assets/ui/cutins.yaml
  source_path: assets/ui/cutins.yaml
  sha256: 68839bd550424322eeabc9781ccf3d8cd470f6432d63906172283f2a5364271b
- path: assets/ui/login/slime-welcome-v4.png
  source_path: assets/ui/login/slime-welcome-v4.png
  sha256: d0e0ee50f661b50812cc4560a26f60ff40eef65265756c7340d96495c5437490
- path: assets/ui/guard-centers.yaml
  source_path: assets/ui/guard-centers.yaml
  sha256: d4dd3e5dbe15445dfd389b8bfe61f4a08207fa2f8b46b95b68cb5130cafb8223
